
Microsoft Visual Studio Solution File, Format Version 12.00
# Visual Studio 15
VisualStudioVersion = 15.0.26711.1
MinimumVisualStudioVersion = 15.0.26124.0
Project("{2150E333-8FDC-42A3-9474-1A3956D46DE8}") = "src", "src", "{651161E6-8546-4120-80F8-393F72DA184C}"
EndProject
Project("{9A19103F-16F7-4668-BE54-9A1E7A4F7556}") = "Robotify.AspNetCore", "src\Robotify.AspNetCore.csproj", "{6F29A732-1F14-46D5-82BD-13B0B9DA9C1C}"
EndProject
Project("{2150E333-8FDC-42A3-9474-1A3956D46DE8}") = "sample", "sample", "{68225040-5EBB-4F50-998E-3FD4B964E2C2}"
EndProject
Project("{FAE04EC0-301F-11D3-BF4B-00C04F79EFBC}") = "Robotify.AspNetCore.Sample", "sample\Robotify.AspNetCore.Sample\Robotify.AspNetCore.Sample.csproj", "{500341DA-E000-4DFA-B152-72F5DD9F2E1F}"
EndProject
Project("{2150E333-8FDC-42A3-9474-1A3956D46DE8}") = "test", "test", "{907C66C2-7C62-4CF5-BAEA-2E0EF263D8D8}"
EndProject
Global
	GlobalSection(SolutionConfigurationPlatforms) = preSolution
		Debug|Any CPU = Debug|Any CPU
		Debug|x64 = Debug|x64
		Debug|x86 = Debug|x86
		Release|Any CPU = Release|Any CPU
		Release|x64 = Release|x64
		Release|x86 = Release|x86
	EndGlobalSection
	GlobalSection(ProjectConfigurationPlatforms) = postSolution
		{6F29A732-1F14-46D5-82BD-13B0B9DA9C1C}.Debug|Any CPU.ActiveCfg = Debug|Any CPU
		{6F29A732-1F14-46D5-82BD-13B0B9DA9C1C}.Debug|Any CPU.Build.0 = Debug|Any CPU
		{6F29A732-1F14-46D5-82BD-13B0B9DA9C1C}.Debug|x64.ActiveCfg = Debug|Any CPU
		{6F29A732-1F14-46D5-82BD-13B0B9DA9C1C}.Debug|x64.Build.0 = Debug|Any CPU
		{6F29A732-1F14-46D5-82BD-13B0B9DA9C1C}.Debug|x86.ActiveCfg = Debug|Any CPU
		{6F29A732-1F14-46D5-82BD-13B0B9DA9C1C}.Debug|x86.Build.0 = Debug|Any CPU
		{6F29A732-1F14-46D5-82BD-13B0B9DA9C1C}.Release|Any CPU.ActiveCfg = Release|Any CPU
		{6F29A732-1F14-46D5-82BD-13B0B9DA9C1C}.Release|Any CPU.Build.0 = Release|Any CPU
		{6F29A732-1F14-46D5-82BD-13B0B9DA9C1C}.Release|x64.ActiveCfg = Release|Any CPU
		{6F29A732-1F14-46D5-82BD-13B0B9DA9C1C}.Release|x64.Build.0 = Release|Any CPU
		{6F29A732-1F14-46D5-82BD-13B0B9DA9C1C}.Release|x86.ActiveCfg = Release|Any CPU
		{6F29A732-1F14-46D5-82BD-13B0B9DA9C1C}.Release|x86.Build.0 = Release|Any CPU
		{500341DA-E000-4DFA-B152-72F5DD9F2E1F}.Debug|Any CPU.ActiveCfg = Debug|Any CPU
		{500341DA-E000-4DFA-B152-72F5DD9F2E1F}.Debug|Any CPU.Build.0 = Debug|Any CPU
		{500341DA-E000-4DFA-B152-72F5DD9F2E1F}.Debug|x64.ActiveCfg = Debug|Any CPU
		{500341DA-E000-4DFA-B152-72F5DD9F2E1F}.Debug|x64.Build.0 = Debug|Any CPU
		{500341DA-E000-4DFA-B152-72F5DD9F2E1F}.Debug|x86.ActiveCfg = Debug|Any CPU
		{500341DA-E000-4DFA-B152-72F5DD9F2E1F}.Debug|x86.Build.0 = Debug|Any CPU
		{500341DA-E000-4DFA-B152-72F5DD9F2E1F}.Release|Any CPU.ActiveCfg = Release|Any CPU
		{500341DA-E000-4DFA-B152-72F5DD9F2E1F}.Release|Any CPU.Build.0 = Release|Any CPU
		{500341DA-E000-4DFA-B152-72F5DD9F2E1F}.Release|x64.ActiveCfg = Release|Any CPU
		{500341DA-E000-4DFA-B152-72F5DD9F2E1F}.Release|x64.Build.0 = Release|Any CPU
		{500341DA-E000-4DFA-B152-72F5DD9F2E1F}.Release|x86.ActiveCfg = Release|Any CPU
		{500341DA-E000-4DFA-B152-72F5DD9F2E1F}.Release|x86.Build.0 = Release|Any CPU
	EndGlobalSection
	GlobalSection(SolutionProperties) = preSolution
		HideSolutionNode = FALSE
	EndGlobalSection
	GlobalSection(NestedProjects) = preSolution
		{6F29A732-1F14-46D5-82BD-13B0B9DA9C1C} = {651161E6-8546-4120-80F8-393F72DA184C}
		{500341DA-E000-4DFA-B152-72F5DD9F2E1F} = {68225040-5EBB-4F50-998E-3FD4B964E2C2}
	EndGlobalSection
	GlobalSection(ExtensibilityGlobals) = postSolution
		SolutionGuid = {45F80062-14BB-478F-A425-335F4F20D50C}
	EndGlobalSection
EndGlobal
